// !$*UTF8*$!
{
	archiveVersion = 1;
	classes = {
	};
	objectVersion = 55;
	objects = {

/* Begin PBXBuildFile section */
		A5E1F4A427A051CE00A1B17D /* Tests_iOS.swift in Sources */ = {isa = PBXBuildFile; fileRef = A5E1F4A327A051CE00A1B17D /* Tests_iOS.swift */; };
		A5E1F4A627A051CE00A1B17D /* Tests_iOSLaunchTests.swift in Sources */ = {isa = PBXBuildFile; fileRef = A5E1F4A527A051CE00A1B17D /* Tests_iOSLaunchTests.swift */; };
		A5E1F4B027A051CE00A1B17D /* Tests_macOS.swift in Sources */ = {isa = PBXBuildFile; fileRef = A5E1F4AF27A051CE00A1B17D /* Tests_macOS.swift */; };
		A5E1F4B227A051CE00A1B17D /* Tests_macOSLaunchTests.swift in Sources */ = {isa = PBXBuildFile; fileRef = A5E1F4B127A051CE00A1B17D /* Tests_macOSLaunchTests.swift */; };
		A5E1F4B327A051CE00A1B17D /* Task_and_Task_Group_ExampleApp.swift in Sources */ = {isa = PBXBuildFile; fileRef = A5E1F48D27A051CD00A1B17D /* Task_and_Task_Group_ExampleApp.swift */; };
		A5E1F4B427A051CE00A1B17D /* Task_and_Task_Group_ExampleApp.swift in Sources */ = {isa = PBXBuildFile; fileRef = A5E1F48D27A051CD00A1B17D /* Task_and_Task_Group_ExampleApp.swift */; };
		A5E1F4B527A051CE00A1B17D /* ContentView.swift in Sources */ = {isa = PBXBuildFile; fileRef = A5E1F48E27A051CD00A1B17D /* ContentView.swift */; };
		A5E1F4B627A051CE00A1B17D /* ContentView.swift in Sources */ = {isa = PBXBuildFile; fileRef = A5E1F48E27A051CD00A1B17D /* ContentView.swift */; };
		A5E1F4B727A051CE00A1B17D /* Assets.xcassets in Resources */ = {isa = PBXBuildFile; fileRef = A5E1F48F27A051CE00A1B17D /* Assets.xcassets */; };
		A5E1F4B827A051CE00A1B17D /* Assets.xcassets in Resources */ = {isa = PBXBuildFile; fileRef = A5E1F48F27A051CE00A1B17D /* Assets.xcassets */; };
/* End PBXBuildFile section */

/* Begin PBXContainerItemProxy section */
		A5E1F4A027A051CE00A1B17D /* PBXContainerItemProxy */ = {
			isa = PBXContainerItemProxy;
			containerPortal = A5E1F48827A051CD00A1B17D /* Project object */;
			proxyType = 1;
			remoteGlobalIDString = A5E1F49327A051CE00A1B17D;
			remoteInfo = "Task and Task Group Example (iOS)";
		};
		A5E1F4AC27A051CE00A1B17D /* PBXContainerItemProxy */ = {
			isa = PBXContainerItemProxy;
			containerPortal = A5E1F48827A051CD00A1B17D /* Project object */;
			proxyType = 1;
			remoteGlobalIDString = A5E1F49927A051CE00A1B17D;
			remoteInfo = "Task and Task Group Example (macOS)";
		};
/* End PBXContainerItemProxy section */

/* Begin PBXFileReference section */
		A5E1F48D27A051CD00A1B17D /* Task_and_Task_Group_ExampleApp.swift */ = {isa = PBXFileReference; lastKnownFileType = sourcecode.swift; path = Task_and_Task_Group_ExampleApp.swift; sourceTree = "<group>"; };
		A5E1F48E27A051CD00A1B17D /* ContentView.swift */ = {isa = PBXFileReference; lastKnownFileType = sourcecode.swift; path = ContentView.swift; sourceTree = "<group>"; };
		A5E1F48F27A051CE00A1B17D /* Assets.xcassets */ = {isa = PBXFileReference; lastKnownFileType = folder.assetcatalog; path = Assets.xcassets; sourceTree = "<group>"; };
		A5E1F49427A051CE00A1B17D /* Task and Task Group Example.app */ = {isa = PBXFileReference; explicitFileType = wrapper.application; includeInIndex = 0; path = "Task and Task Group Example.app"; sourceTree = BUILT_PRODUCTS_DIR; };
		A5E1F49A27A051CE00A1B17D /* Task and Task Group Example.app */ = {isa = PBXFileReference; explicitFileType = wrapper.application; includeInIndex = 0; path = "Task and Task Group Example.app"; sourceTree = BUILT_PRODUCTS_DIR; };
		A5E1F49F27A051CE00A1B17D /* Tests iOS.xctest */ = {isa = PBXFileReference; explicitFileType = wrapper.cfbundle; includeInIndex = 0; path = "Tests iOS.xctest"; sourceTree = BUILT_PRODUCTS_DIR; };
		A5E1F4A327A051CE00A1B17D /* Tests_iOS.swift */ = {isa = PBXFileReference; lastKnownFileType = sourcecode.swift; path = Tests_iOS.swift; sourceTree = "<group>"; };
		A5E1F4A527A051CE00A1B17D /* Tests_iOSLaunchTests.swift */ = {isa = PBXFileReference; lastKnownFileType = sourcecode.swift; path = Tests_iOSLaunchTests.swift; sourceTree = "<group>"; };
		A5E1F4AB27A051CE00A1B17D /* Tests macOS.xctest */ = {isa = PBXFileReference; explicitFileType = wrapper.cfbundle; includeInIndex = 0; path = "Tests macOS.xctest"; sourceTree = BUILT_PRODUCTS_DIR; };
		A5E1F4AF27A051CE00A1B17D /* Tests_macOS.swift */ = {isa = PBXFileReference; lastKnownFileType = sourcecode.swift; path = Tests_macOS.swift; sourceTree = "<group>"; };
		A5E1F4B127A051CE00A1B17D /* Tests_macOSLaunchTests.swift */ = {isa = PBXFileReference; lastKnownFileType = sourcecode.swift; path = Tests_macOSLaunchTests.swift; sourceTree = "<group>"; };
/* End PBXFileReference section */

/* Begin PBXFrameworksBuildPhase section */
		A5E1F49127A051CE00A1B17D /* Frameworks */ = {
			isa = PBXFrameworksBuildPhase;
			buildActionMask = 2147483647;
			files = (
			);
			runOnlyForDeploymentPostprocessing = 0;
		};
		A5E1F49727A051CE00A1B17D /* Frameworks */ = {
			isa = PBXFrameworksBuildPhase;
			buildActionMask = 2147483647;
			files = (
			);
			runOnlyForDeploymentPostprocessing = 0;
		};
		A5E1F49C27A051CE00A1B17D /* Frameworks */ = {
			isa = PBXFrameworksBuildPhase;
			buildActionMask = 2147483647;
			files = (
			);
			runOnlyForDeploymentPostprocessing = 0;
		};
		A5E1F4A827A051CE00A1B17D /* Frameworks */ = {
			isa = PBXFrameworksBuildPhase;
			buildActionMask = 2147483647;
			files = (
			);
			runOnlyForDeploymentPostprocessing = 0;
		};
/* End PBXFrameworksBuildPhase section */

/* Begin PBXGroup section */
		A5E1F48727A051CD00A1B17D = {
			isa = PBXGroup;
			children = (
				A5E1F48C27A051CD00A1B17D /* Shared */,
				A5E1F4A227A051CE00A1B17D /* Tests iOS */,
				A5E1F4AE27A051CE00A1B17D /* Tests macOS */,
				A5E1F49527A051CE00A1B17D /* Products */,
			);
			sourceTree = "<group>";
		};
		A5E1F48C27A051CD00A1B17D /* Shared */ = {
			isa = PBXGroup;
			children = (
				A5E1F48D27A051CD00A1B17D /* Task_and_Task_Group_ExampleApp.swift */,
				A5E1F48E27A051CD00A1B17D /* ContentView.swift */,
				A5E1F48F27A051CE00A1B17D /* Assets.xcassets */,
			);
			path = Shared;
			sourceTree = "<group>";
		};
		A5E1F49527A051CE00A1B17D /* Products */ = {
			isa = PBXGroup;
			children = (
				A5E1F49427A051CE00A1B17D /* Task and Task Group Example.app */,
				A5E1F49A27A051CE00A1B17D /* Task and Task Group Example.app */,
				A5E1F49F27A051CE00A1B17D /* Tests iOS.xctest */,
				A5E1F4AB27A051CE00A1B17D /* Tests macOS.xctest */,
			);
			name = Products;
			sourceTree = "<group>";
		};
		A5E1F4A227A051CE00A1B17D /* Tests iOS */ = {
			isa = PBXGroup;
			children = (
				A5E1F4A327A051CE00A1B17D /* Tests_iOS.swift */,
				A5E1F4A527A051CE00A1B17D /* Tests_iOSLaunchTests.swift */,
			);
			path = "Tests iOS";
			sourceTree = "<group>";
		};
		A5E1F4AE27A051CE00A1B17D /* Tests macOS */ = {
			isa = PBXGroup;
			children = (
				A5E1F4AF27A051CE00A1B17D /* Tests_macOS.swift */,
				A5E1F4B127A051CE00A1B17D /* Tests_macOSLaunchTests.swift */,
			);
			path = "Tests macOS";
			sourceTree = "<group>";
		};
/* End PBXGroup section */

/* Begin PBXNativeTarget section */
		A5E1F49327A051CE00A1B17D /* Task and Task Group Example (iOS) */ = {
			isa = PBXNativeTarget;
			buildConfigurationList = A5E1F4BB27A051CE00A1B17D /* Build configuration list for PBXNativeTarget "Task and Task Group Example (iOS)" */;
			buildPhases = (
				A5E1F49027A051CE00A1B17D /* Sources */,
				A5E1F49127A051CE00A1B17D /* Frameworks */,
				A5E1F49227A051CE00A1B17D /* Resources */,
			);
			buildRules = (
			);
			dependencies = (
			);
			name = "Task and Task Group Example (iOS)";
			productName = "Task and Task Group Example (iOS)";
			productReference = A5E1F49427A051CE00A1B17D /* Task and Task Group Example.app */;
			productType = "com.apple.product-type.application";
		};
		A5E1F49927A051CE00A1B17D /* Task and Task Group Example (macOS) */ = {
			isa = PBXNativeTarget;
			buildConfigurationList = A5E1F4BE27A051CE00A1B17D /* Build configuration list for PBXNativeTarget "Task and Task Group Example (macOS)" */;
			buildPhases = (
				A5E1F49627A051CE00A1B17D /* Sources */,
				A5E1F49727A051CE00A1B17D /* Frameworks */,
				A5E1F49827A051CE00A1B17D /* Resources */,
			);
			buildRules = (
			);
			dependencies = (
			);
			name = "Task and Task Group Example (macOS)";
			productName = "Task and Task Group Example (macOS)";
			productReference = A5E1F49A27A051CE00A1B17D /* Task and Task Group Example.app */;
			productType = "com.apple.product-type.application";
		};
		A5E1F49E27A051CE00A1B17D /* Tests iOS */ = {
			isa = PBXNativeTarget;
			buildConfigurationList = A5E1F4C127A051CE00A1B17D /* Build configuration list for PBXNativeTarget "Tests iOS" */;
			buildPhases = (
				A5E1F49B27A051CE00A1B17D /* Sources */,
				A5E1F49C27A051CE00A1B17D /* Frameworks */,
				A5E1F49D27A051CE00A1B17D /* Resources */,
			);
			buildRules = (
			);
			dependencies = (
				A5E1F4A127A051CE00A1B17D /* PBXTargetDependency */,
			);
			name = "Tests iOS";
			productName = "Tests iOS";
			productReference = A5E1F49F27A051CE00A1B17D /* Tests iOS.xctest */;
			productType = "com.apple.product-type.bundle.ui-testing";
		};
		A5E1F4AA27A051CE00A1B17D /* Tests macOS */ = {
			isa = PBXNativeTarget;
			buildConfigurationList = A5E1F4C427A051CE00A1B17D /* Build configuration list for PBXNativeTarget "Tests macOS" */;
			buildPhases = (
				A5E1F4A727A051CE00A1B17D /* Sources */,
				A5E1F4A827A051CE00A1B17D /* Frameworks */,
				A5E1F4A927A051CE00A1B17D /* Resources */,
			);
			buildRules = (
			);
			dependencies = (
				A5E1F4AD27A051CE00A1B17D /* PBXTargetDependency */,
			);
			name = "Tests macOS";
			productName = "Tests macOS";
			productReference = A5E1F4AB27A051CE00A1B17D /* Tests macOS.xctest */;
			productType = "com.apple.product-type.bundle.ui-testing";
		};
/* End PBXNativeTarget section */

/* Begin PBXProject section */
		A5E1F48827A051CD00A1B17D /* Project object */ = {
			isa = PBXProject;
			attributes = {
				BuildIndependentTargetsInParallel = 1;
				LastSwiftUpdateCheck = 1300;
				LastUpgradeCheck = 1300;
				TargetAttributes = {
					A5E1F49327A051CE00A1B17D = {
						CreatedOnToolsVersion = 13.0;
					};
					A5E1F49927A051CE00A1B17D = {
						CreatedOnToolsVersion = 13.0;
					};
					A5E1F49E27A051CE00A1B17D = {
						CreatedOnToolsVersion = 13.0;
						TestTargetID = A5E1F49327A051CE00A1B17D;
					};
					A5E1F4AA27A051CE00A1B17D = {
						CreatedOnToolsVersion = 13.0;
						TestTargetID = A5E1F49927A051CE00A1B17D;
					};
				};
			};
			buildConfigurationList = A5E1F48B27A051CD00A1B17D /* Build configuration list for PBXProject "Task and Task Group Example" */;
			compatibilityVersion = "Xcode 13.0";
			developmentRegion = en;
			hasScannedForEncodings = 0;
			knownRegions = (
				en,
				Base,
			);
			mainGroup = A5E1F48727A051CD00A1B17D;
			productRefGroup = A5E1F49527A051CE00A1B17D /* Products */;
			projectDirPath = "";
			projectRoot = "";
			targets = (
				A5E1F49327A051CE00A1B17D /* Task and Task Group Example (iOS) */,
				A5E1F49927A051CE00A1B17D /* Task and Task Group Example (macOS) */,
				A5E1F49E27A051CE00A1B17D /* Tests iOS */,
				A5E1F4AA27A051CE00A1B17D /* Tests macOS */,
			);
		};
/* End PBXProject section */

/* Begin PBXResourcesBuildPhase section */
		A5E1F49227A051CE00A1B17D /* Resources */ = {
			isa = PBXResourcesBuildPhase;
			buildActionMask = 2147483647;
			files = (
				A5E1F4B727A051CE00A1B17D /* Assets.xcassets in Resources */,
			);
			runOnlyForDeploymentPostprocessing = 0;
		};
		A5E1F49827A051CE00A1B17D /* Resources */ = {
			isa = PBXResourcesBuildPhase;
			buildActionMask = 2147483647;
			files = (
				A5E1F4B827A051CE00A1B17D /* Assets.xcassets in Resources */,
			);
			runOnlyForDeploymentPostprocessing = 0;
		};
		A5E1F49D27A051CE00A1B17D /* Resources */ = {
			isa = PBXResourcesBuildPhase;
			buildActionMask = 2147483647;
			files = (
			);
			runOnlyForDeploymentPostprocessing = 0;
		};
		A5E1F4A927A051CE00A1B17D /* Resources */ = {
			isa = PBXResourcesBuildPhase;
			buildActionMask = 2147483647;
			files = (
			);
			runOnlyForDeploymentPostprocessing = 0;
		};
/* End PBXResourcesBuildPhase section */

/* Begin PBXSourcesBuildPhase section */
		A5E1F49027A051CE00A1B17D /* Sources */ = {
			isa = PBXSourcesBuildPhase;
			buildActionMask = 2147483647;
			files = (
				A5E1F4B527A051CE00A1B17D /* ContentView.swift in Sources */,
				A5E1F4B327A051CE00A1B17D /* Task_and_Task_Group_ExampleApp.swift in Sources */,
			);
			runOnlyForDeploymentPostprocessing = 0;
		};
		A5E1F49627A051CE00A1B17D /* Sources */ = {
			isa = PBXSourcesBuildPhase;
			buildActionMask = 2147483647;
			files = (
				A5E1F4B627A051CE00A1B17D /* ContentView.swift in Sources */,
				A5E1F4B427A051CE00A1B17D /* Task_and_Task_Group_ExampleApp.swift in Sources */,
			);
			runOnlyForDeploymentPostprocessing = 0;
		};
		A5E1F49B27A051CE00A1B17D /* Sources */ = {
			isa = PBXSourcesBuildPhase;
			buildActionMask = 2147483647;
			files = (
				A5E1F4A627A051CE00A1B17D /* Tests_iOSLaunchTests.swift in Sources */,
				A5E1F4A427A051CE00A1B17D /* Tests_iOS.swift in Sources */,
			);
			runOnlyForDeploymentPostprocessing = 0;
		};
		A5E1F4A727A051CE00A1B17D /* Sources */ = {
			isa = PBXSourcesBuildPhase;
			buildActionMask = 2147483647;
			files = (
				A5E1F4B227A051CE00A1B17D /* Tests_macOSLaunchTests.swift in Sources */,
				A5E1F4B027A051CE00A1B17D /* Tests_macOS.swift in Sources */,
			);
			runOnlyForDeploymentPostprocessing = 0;
		};
/* End PBXSourcesBuildPhase section */

/* Begin PBXTargetDependency section */
		A5E1F4A127A051CE00A1B17D /* PBXTargetDependency */ = {
			isa = PBXTargetDependency;
			target = A5E1F49327A051CE00A1B17D /* Task and Task Group Example (iOS) */;
			targetProxy = A5E1F4A027A051CE00A1B17D /* PBXContainerItemProxy */;
		};
		A5E1F4AD27A051CE00A1B17D /* PBXTargetDependency */ = {
			isa = PBXTargetDependency;
			target = A5E1F49927A051CE00A1B17D /* Task and Task Group Example (macOS) */;
			targetProxy = A5E1F4AC27A051CE00A1B17D /* PBXContainerItemProxy */;
		};
/* End PBXTargetDependency section */

/* Begin XCBuildConfiguration section */
		A5E1F4B927A051CE00A1B17D /* Debug */ = {
			isa = XCBuildConfiguration;
			buildSettings = {
				ALWAYS_SEARCH_USER_PATHS = NO;
				CLANG_ANALYZER_NONNULL = YES;
				CLANG_ANALYZER_NUMBER_OBJECT_CONVERSION = YES_AGGRESSIVE;
				CLANG_CXX_LANGUAGE_STANDARD = "gnu++17";
				CLANG_CXX_LIBRARY = "libc++";
				CLANG_ENABLE_MODULES = YES;
				CLANG_ENABLE_OBJC_ARC = YES;
				CLANG_ENABLE_OBJC_WEAK = YES;
				CLANG_WARN_BLOCK_CAPTURE_AUTORELEASING = YES;
				CLANG_WARN_BOOL_CONVERSION = YES;
				CLANG_WARN_COMMA = YES;
				CLANG_WARN_CONSTANT_CONVERSION = YES;
				CLANG_WARN_DEPRECATED_OBJC_IMPLEMENTATIONS = YES;
				CLANG_WARN_DIRECT_OBJC_ISA_USAGE = YES_ERROR;
				CLANG_WARN_DOCUMENTATION_COMMENTS = YES;
				CLANG_WARN_EMPTY_BODY = YES;
				CLANG_WARN_ENUM_CONVERSION = YES;
				CLANG_WARN_INFINITE_RECURSION = YES;
				CLANG_WARN_INT_CONVERSION = YES;
				CLANG_WARN_NON_LITERAL_NULL_CONVERSION = YES;
				CLANG_WARN_OBJC_IMPLICIT_RETAIN_SELF = YES;
				CLANG_WARN_OBJC_LITERAL_CONVERSION = YES;
				CLANG_WARN_OBJC_ROOT_CLASS = YES_ERROR;
				CLANG_WARN_QUOTED_INCLUDE_IN_FRAMEWORK_HEADER = YES;
				CLANG_WARN_RANGE_LOOP_ANALYSIS = YES;
				CLANG_WARN_STRICT_PROTOTYPES = YES;
				CLANG_WARN_SUSPICIOUS_MOVE = YES;
				CLANG_WARN_UNGUARDED_AVAILABILITY = YES_AGGRESSIVE;
				CLANG_WARN_UNREACHABLE_CODE = YES;
				CLANG_WARN__DUPLICATE_METHOD_MATCH = YES;
				COPY_PHASE_STRIP = NO;
				DEBUG_INFORMATION_FORMAT = dwarf;
				ENABLE_STRICT_OBJC_MSGSEND = YES;
				ENABLE_TESTABILITY = YES;
				GCC_C_LANGUAGE_STANDARD = gnu11;
				GCC_DYNAMIC_NO_PIC = NO;
				GCC_NO_COMMON_BLOCKS = YES;
				GCC_OPTIMIZATION_LEVEL = 0;
				GCC_PREPROCESSOR_DEFINITIONS = (
					"DEBUG=1",
					"$(inherited)",
				);
				GCC_WARN_64_TO_32_BIT_CONVERSION = YES;
				GCC_WARN_ABOUT_RETURN_TYPE = YES_ERROR;
				GCC_WARN_UNDECLARED_SELECTOR = YES;
				GCC_WARN_UNINITIALIZED_AUTOS = YES_AGGRESSIVE;
				GCC_WARN_UNUSED_FUNCTION = YES;
				GCC_WARN_UNUSED_VARIABLE = YES;
				MTL_ENABLE_DEBUG_INFO = INCLUDE_SOURCE;
				MTL_FAST_MATH = YES;
				ONLY_ACTIVE_ARCH = YES;
				SWIFT_ACTIVE_COMPILATION_CONDITIONS = DEBUG;
				SWIFT_OPTIMIZATION_LEVEL = "-Onone";
			};
			name = Debug;
		};
		A5E1F4BA27A051CE00A1B17D /* Release */ = {
			isa = XCBuildConfiguration;
			buildSettings = {
				ALWAYS_SEARCH_USER_PATHS = NO;
				CLANG_ANALYZER_NONNULL = YES;
				CLANG_ANALYZER_NUMBER_OBJECT_CONVERSION = YES_AGGRESSIVE;
				CLANG_CXX_LANGUAGE_STANDARD = "gnu++17";
				CLANG_CXX_LIBRARY = "libc++";
				CLANG_ENABLE_MODULES = YES;
				CLANG_ENABLE_OBJC_ARC = YES;
				CLANG_ENABLE_OBJC_WEAK = YES;
				CLANG_WARN_BLOCK_CAPTURE_AUTORELEASING = YES;
				CLANG_WARN_BOOL_CONVERSION = YES;
				CLANG_WARN_COMMA = YES;
				CLANG_WARN_CONSTANT_CONVERSION = YES;
				CLANG_WARN_DEPRECATED_OBJC_IMPLEMENTATIONS = YES;
				CLANG_WARN_DIRECT_OBJC_ISA_USAGE = YES_ERROR;
				CLANG_WARN_DOCUMENTATION_COMMENTS = YES;
				CLANG_WARN_EMPTY_BODY = YES;
				CLANG_WARN_ENUM_CONVERSION = YES;
				CLANG_WARN_INFINITE_RECURSION = YES;
				CLANG_WARN_INT_CONVERSION = YES;
				CLANG_WARN_NON_LITERAL_NULL_CONVERSION = YES;
				CLANG_WARN_OBJC_IMPLICIT_RETAIN_SELF = YES;
				CLANG_WARN_OBJC_LITERAL_CONVERSION = YES;
				CLANG_WARN_OBJC_ROOT_CLASS = YES_ERROR;
				CLANG_WARN_QUOTED_INCLUDE_IN_FRAMEWORK_HEADER = YES;
				CLANG_WARN_RANGE_LOOP_ANALYSIS = YES;
				CLANG_WARN_STRICT_PROTOTYPES = YES;
				CLANG_WARN_SUSPICIOUS_MOVE = YES;
				CLANG_WARN_UNGUARDED_AVAILABILITY = YES_AGGRESSIVE;
				CLANG_WARN_UNREACHABLE_CODE = YES;
				CLANG_WARN__DUPLICATE_METHOD_MATCH = YES;
				COPY_PHASE_STRIP = NO;
				DEBUG_INFORMATION_FORMAT = "dwarf-with-dsym";
				ENABLE_NS_ASSERTIONS = NO;
				ENABLE_STRICT_OBJC_MSGSEND = YES;
				GCC_C_LANGUAGE_STANDARD = gnu11;
				GCC_NO_COMMON_BLOCKS = YES;
				GCC_WARN_64_TO_32_BIT_CONVERSION = YES;
				GCC_WARN_ABOUT_RETURN_TYPE = YES_ERROR;
				GCC_WARN_UNDECLARED_SELECTOR = YES;
				GCC_WARN_UNINITIALIZED_AUTOS = YES_AGGRESSIVE;
				GCC_WARN_UNUSED_FUNCTION = YES;
				GCC_WARN_UNUSED_VARIABLE = YES;
				MTL_ENABLE_DEBUG_INFO = NO;
				MTL_FAST_MATH = YES;
				SWIFT_COMPILATION_MODE = wholemodule;
				SWIFT_OPTIMIZATION_LEVEL = "-O";
			};
			name = Release;
		};
		A5E1F4BC27A051CE00A1B17D /* Debug */ = {
			isa = XCBuildConfiguration;
			buildSettings = {
				ASSETCATALOG_COMPILER_APPICON_NAME = AppIcon;
				ASSETCATALOG_COMPILER_GLOBAL_ACCENT_COLOR_NAME = AccentColor;
				CODE_SIGN_STYLE = Automatic;
				CURRENT_PROJECT_VERSION = 1;
				DEVELOPMENT_TEAM = V59RVGUYZD;
				ENABLE_PREVIEWS = YES;
				GENERATE_INFOPLIST_FILE = YES;
				INFOPLIST_KEY_UIApplicationSceneManifest_Generation = YES;
				INFOPLIST_KEY_UIApplicationSupportsIndirectInputEvents = YES;
				INFOPLIST_KEY_UILaunchScreen_Generation = YES;
				INFOPLIST_KEY_UISupportedInterfaceOrientations_iPad = "UIInterfaceOrientationPortrait UIInterfaceOrientationPortraitUpsideDown UIInterfaceOrientationLandscapeLeft UIInterfaceOrientationLandscapeRight";
				INFOPLIST_KEY_UISupportedInterfaceOrientations_iPhone = "UIInterfaceOrientationPortrait UIInterfaceOrientationLandscapeLeft UIInterfaceOrientationLandscapeRight";
				IPHONEOS_DEPLOYMENT_TARGET = 14.0;
				LD_RUNPATH_SEARCH_PATHS = (
					"$(inherited)",
					"@executable_path/Frameworks",
				);
				MARKETING_VERSION = 1.0;
				PRODUCT_BUNDLE_IDENTIFIER = "com.jtIIT.Task-and-Task-Group-Example";
				PRODUCT_NAME = "Task and Task Group Example";
				SDKROOT = iphoneos;
				SWIFT_EMIT_LOC_STRINGS = YES;
				SWIFT_VERSION = 5.0;
				TARGETED_DEVICE_FAMILY = "1,2";
			};
			name = Debug;
		};
		A5E1F4BD27A051CE00A1B17D /* Release */ = {
			isa = XCBuildConfiguration;
			buildSettings = {
				ASSETCATALOG_COMPILER_APPICON_NAME = AppIcon;
				ASSETCATALOG_COMPILER_GLOBAL_ACCENT_COLOR_NAME = AccentColor;
				CODE_SIGN_STYLE = Automatic;
				CURRENT_PROJECT_VERSION = 1;
				DEVELOPMENT_TEAM = V59RVGUYZD;
				ENABLE_PREVIEWS = YES;
				GENERATE_INFOPLIST_FILE = YES;
				INFOPLIST_KEY_UIApplicationSceneManifest_Generation = YES;
				INFOPLIST_KEY_UIApplicationSupportsIndirectInputEvents = YES;
				INFOPLIST_KEY_UILaunchScreen_Generation = YES;
				INFOPLIST_KEY_UISupportedInterfaceOrientations_iPad = "UIInterfaceOrientationPortrait UIInterfaceOrientationPortraitUpsideDown UIInterfaceOrientationLandscapeLeft UIInterfaceOrientationLandscapeRight";
				INFOPLIST_KEY_UISupportedInterfaceOrientations_iPhone = "UIInterfaceOrientationPortrait UIInterfaceOrientationLandscapeLeft UIInterfaceOrientationLandscapeRight";
				IPHONEOS_DEPLOYMENT_TARGET = 14.0;
				LD_RUNPATH_SEARCH_PATHS = (
					"$(inherited)",
					"@executable_path/Frameworks",
				);
				MARKETING_VERSION = 1.0;
				PRODUCT_BUNDLE_IDENTIFIER = "com.jtIIT.Task-and-Task-Group-Example";
				PRODUCT_NAME = "Task and Task Group Example";
				SDKROOT = iphoneos;
				SWIFT_EMIT_LOC_STRINGS = YES;
				SWIFT_VERSION = 5.0;
				TARGETED_DEVICE_FAMILY = "1,2";
				VALIDATE_PRODUCT = YES;
			};
			name = Release;
		};
		A5E1F4BF27A051CE00A1B17D /* Debug */ = {
			isa = XCBuildConfiguration;
			buildSettings = {
				ASSETCATALOG_COMPILER_APPICON_NAME = AppIcon;
				ASSETCATALOG_COMPILER_GLOBAL_ACCENT_COLOR_NAME = AccentColor;
				CODE_SIGN_STYLE = Automatic;
				COMBINE_HIDPI_IMAGES = YES;
				CURRENT_PROJECT_VERSION = 1;
				DEVELOPMENT_TEAM = V59RVGUYZD;
				ENABLE_APP_SANDBOX = YES;
				ENABLE_HARDENED_RUNTIME = YES;
				ENABLE_PREVIEWS = YES;
				ENABLE_USER_SELECTED_FILES = readonly;
				GENERATE_INFOPLIST_FILE = YES;
				INFOPLIST_KEY_NSHumanReadableCopyright = "";
				LD_RUNPATH_SEARCH_PATHS = (
					"$(inherited)",
					"@executable_path/../Frameworks",
				);
				MACOSX_DEPLOYMENT_TARGET = 11.0;
				MARKETING_VERSION = 1.0;
				PRODUCT_BUNDLE_IDENTIFIER = "com.jtIIT.Task-and-Task-Group-Example";
				PRODUCT_NAME = "Task and Task Group Example";
				SDKROOT = macosx;
				SWIFT_EMIT_LOC_STRINGS = YES;
				SWIFT_VERSION = 5.0;
			};
			name = Debug;
		};
		A5E1F4C027A051CE00A1B17D /* Release */ = {
			isa = XCBuildConfiguration;
			buildSettings = {
				ASSETCATALOG_COMPILER_APPICON_NAME = AppIcon;
				ASSETCATALOG_COMPILER_GLOBAL_ACCENT_COLOR_NAME = AccentColor;
				CODE_SIGN_STYLE = Automatic;
				COMBINE_HIDPI_IMAGES = YES;
				CURRENT_PROJECT_VERSION = 1;
				DEVELOPMENT_TEAM = V59RVGUYZD;
				ENABLE_APP_SANDBOX = YES;
				ENABLE_HARDENED_RUNTIME = YES;
				ENABLE_PREVIEWS = YES;
				ENABLE_USER_SELECTED_FILES = readonly;
				GENERATE_INFOPLIST_FILE = YES;
				INFOPLIST_KEY_NSHumanReadableCopyright = "";
				LD_RUNPATH_SEARCH_PATHS = (
					"$(inherited)",
					"@executable_path/../Frameworks",
				);
				MACOSX_DEPLOYMENT_TARGET = 11.0;
				MARKETING_VERSION = 1.0;
				PRODUCT_BUNDLE_IDENTIFIER = "com.jtIIT.Task-and-Task-Group-Example";
				PRODUCT_NAME = "Task and Task Group Example";
				SDKROOT = macosx;
				SWIFT_EMIT_LOC_STRINGS = YES;
				SWIFT_VERSION = 5.0;
			};
			name = Release;
		};
		A5E1F4C227A051CE00A1B17D /* Debug */ = {
			isa = XCBuildConfiguration;
			buildSettings = {
				ALWAYS_EMBED_SWIFT_STANDARD_LIBRARIES = YES;
				CODE_SIGN_STYLE = Automatic;
				CURRENT_PROJECT_VERSION = 1;
				DEVELOPMENT_TEAM = V59RVGUYZD;
				GENERATE_INFOPLIST_FILE = YES;
				IPHONEOS_DEPLOYMENT_TARGET = 15.0;
				LD_RUNPATH_SEARCH_PATHS = (
					"$(inherited)",
					"@executable_path/Frameworks",
					"@loader_path/Frameworks",
				);
				MARKETING_VERSION = 1.0;
				PRODUCT_BUNDLE_IDENTIFIER = "com.jtIIT.Tests-iOS";
				PRODUCT_NAME = "$(TARGET_NAME)";
				SDKROOT = iphoneos;
				SWIFT_EMIT_LOC_STRINGS = NO;
				SWIFT_VERSION = 5.0;
				TARGETED_DEVICE_FAMILY = "1,2";
				TEST_TARGET_NAME = "Task and Task Group Example (iOS)";
			};
			name = Debug;
		};
		A5E1F4C327A051CE00A1B17D /* Release */ = {
			isa = XCBuildConfiguration;
			buildSettings = {
				ALWAYS_EMBED_SWIFT_STANDARD_LIBRARIES = YES;
				CODE_SIGN_STYLE = Automatic;
				CURRENT_PROJECT_VERSION = 1;
				DEVELOPMENT_TEAM = V59RVGUYZD;
				GENERATE_INFOPLIST_FILE = YES;
				IPHONEOS_DEPLOYMENT_TARGET = 15.0;
				LD_RUNPATH_SEARCH_PATHS = (
					"$(inherited)",
					"@executable_path/Frameworks",
					"@loader_path/Frameworks",
				);
				MARKETING_VERSION = 1.0;
				PRODUCT_BUNDLE_IDENTIFIER = "com.jtIIT.Tests-iOS";
				PRODUCT_NAME = "$(TARGET_NAME)";
				SDKROOT = iphoneos;
				SWIFT_EMIT_LOC_STRINGS = NO;
				SWIFT_VERSION = 5.0;
				TARGETED_DEVICE_FAMILY = "1,2";
				TEST_TARGET_NAME = "Task and Task Group Example (iOS)";
				VALIDATE_PRODUCT = YES;
			};
			name = Release;
		};
		A5E1F4C527A051CE00A1B17D /* Debug */ = {
			isa = XCBuildConfiguration;
			buildSettings = {
				ALWAYS_EMBED_SWIFT_STANDARD_LIBRARIES = YES;
				CODE_SIGN_STYLE = Automatic;
				COMBINE_HIDPI_IMAGES = YES;
				CURRENT_PROJECT_VERSION = 1;
				DEVELOPMENT_TEAM = V59RVGUYZD;
				GENERATE_INFOPLIST_FILE = YES;
				LD_RUNPATH_SEARCH_PATHS = (
					"$(inherited)",
					"@executable_path/../Frameworks",
					"@loader_path/../Frameworks",
				);
				MACOSX_DEPLOYMENT_TARGET = 12.0;
				MARKETING_VERSION = 1.0;
				PRODUCT_BUNDLE_IDENTIFIER = "com.jtIIT.Tests-macOS";
				PRODUCT_NAME = "$(TARGET_NAME)";
				SDKROOT = macosx;
				SWIFT_EMIT_LOC_STRINGS = NO;
				SWIFT_VERSION = 5.0;
				TEST_TARGET_NAME = "Task and Task Group Example (macOS)";
			};
			name = Debug;
		};
		A5E1F4C627A051CE00A1B17D /* Release */ = {
			isa = XCBuildConfiguration;
			buildSettings = {
				ALWAYS_EMBED_SWIFT_STANDARD_LIBRARIES = YES;
				CODE_SIGN_STYLE = Automatic;
				COMBINE_HIDPI_IMAGES = YES;
				CURRENT_PROJECT_VERSION = 1;
				DEVELOPMENT_TEAM = V59RVGUYZD;
				GENERATE_INFOPLIST_FILE = YES;
				LD_RUNPATH_SEARCH_PATHS = (
					"$(inherited)",
					"@executable_path/../Frameworks",
					"@loader_path/../Frameworks",
				);
				MACOSX_DEPLOYMENT_TARGET = 12.0;
				MARKETING_VERSION = 1.0;
				PRODUCT_BUNDLE_IDENTIFIER = "com.jtIIT.Tests-macOS";
				PRODUCT_NAME = "$(TARGET_NAME)";
				SDKROOT = macosx;
				SWIFT_EMIT_LOC_STRINGS = NO;
				SWIFT_VERSION = 5.0;
				TEST_TARGET_NAME = "Task and Task Group Example (macOS)";
			};
			name = Release;
		};
/* End XCBuildConfiguration section */

/* Begin XCConfigurationList section */
		A5E1F48B27A051CD00A1B17D /* Build configuration list for PBXProject "Task and Task Group Example" */ = {
			isa = XCConfigurationList;
			buildConfigurations = (
				A5E1F4B927A051CE00A1B17D /* Debug */,
				A5E1F4BA27A051CE00A1B17D /* Release */,
			);
			defaultConfigurationIsVisible = 0;
			defaultConfigurationName = Release;
		};
		A5E1F4BB27A051CE00A1B17D /* Build configuration list for PBXNativeTarget "Task and Task Group Example (iOS)" */ = {
			isa = XCConfigurationList;
			buildConfigurations = (
				A5E1F4BC27A051CE00A1B17D /* Debug */,
				A5E1F4BD27A051CE00A1B17D /* Release */,
			);
			defaultConfigurationIsVisible = 0;
			defaultConfigurationName = Release;
		};
		A5E1F4BE27A051CE00A1B17D /* Build configuration list for PBXNativeTarget "Task and Task Group Example (macOS)" */ = {
			isa = XCConfigurationList;
			buildConfigurations = (
				A5E1F4BF27A051CE00A1B17D /* Debug */,
				A5E1F4C027A051CE00A1B17D /* Release */,
			);
			defaultConfigurationIsVisible = 0;
			defaultConfigurationName = Release;
		};
		A5E1F4C127A051CE00A1B17D /* Build configuration list for PBXNativeTarget "Tests iOS" */ = {
			isa = XCConfigurationList;
			buildConfigurations = (
				A5E1F4C227A051CE00A1B17D /* Debug */,
				A5E1F4C327A051CE00A1B17D /* Release */,
			);
			defaultConfigurationIsVisible = 0;
			defaultConfigurationName = Release;
		};
		A5E1F4C427A051CE00A1B17D /* Build configuration list for PBXNativeTarget "Tests macOS" */ = {
			isa = XCConfigurationList;
			buildConfigurations = (
				A5E1F4C527A051CE00A1B17D /* Debug */,
				A5E1F4C627A051CE00A1B17D /* Release */,
			);
			defaultConfigurationIsVisible = 0;
			defaultConfigurationName = Release;
		};
/* End XCConfigurationList section */
	};
	rootObject = A5E1F48827A051CD00A1B17D /* Project object */;
}
